{
  "nodes": {
    "cl-boundary-kit": {
      "flake": false,
      "locked": {
        "lastModified": 1785657708,
        "narHash": "sha256-DieHj+VkI/S98vflHzfLZgJgATJGePT7QS9ElQkpiGU=",
        "owner": "nerima-lisp",
        "repo": "cl-boundary-kit",
        "rev": "9d85a1530ae6b1be3a6e83173b1c7d7817e2d203",
        "type": "github"
      },
      "original": {
        "owner": "nerima-lisp",
        "ref": "v2.0.1",
        "repo": "cl-boundary-kit",
        "type": "github"
      }
    },
    "cl-cli": {
      "flake": false,
      "locked": {
        "lastModified": 1785655973,
        "narHash": "sha256-cNmbSsw2GwKNGkD8OEh4ZLw8vRv9pU4a13uKWgbQlXU=",
        "owner": "nerima-lisp",
        "repo": "cl-cli",
        "rev": "80b1433f5e09331bbf57b133e2f0ed9e38d443bc",
        "type": "github"
      },
      "original": {
        "owner": "nerima-lisp",
        "ref": "v1.2.0",
        "repo": "cl-cli",
        "type": "github"
      }
    },
    "cl-codec-kit": {
      "flake": false,
      "locked": {
        "lastModified": 1785657119,
        "narHash": "sha256-73/PTRu9neWZNGC3L6bL7ltWt0CtORHNDS4zzf4uH2U=",
        "owner": "nerima-lisp",
        "repo": "cl-codec-kit",
        "rev": "8570a6c16dcc0bc0f4774749a0f9f1d0520696c2",
        "type": "github"
      },
      "original": {
        "owner": "nerima-lisp",
        "ref": "v0.4.0",
        "repo": "cl-codec-kit",
        "type": "github"
      }
    },
    "cl-concurrent-kit": {
      "flake": false,
      "locked": {
        "lastModified": 1785668437,
        "narHash": "sha256-wmAmtCA8ZWNc0EJU3E/AXatqXi8KZJ47joKaMnbNw4E=",
        "owner": "nerima-lisp",
        "repo": "cl-concurrent-kit",
        "rev": "f9213ad0d89b94510029b678bc3033b0e98cb6e9",
        "type": "github"
      },
      "original": {
        "owner": "nerima-lisp",
        "ref": "v0.4.0",
        "repo": "cl-concurrent-kit",
        "type": "github"
      }
    },
    "cl-dataflow-kit": {
      "flake": false,
      "locked": {
        "lastModified": 1786949793,
        "narHash": "sha256-26KT1QL7KJ2soRppDDoYwgXyzLKOZjPu0Un0eJBL5M4=",
        "owner": "nerima-lisp",
        "repo": "cl-dataflow-kit",
        "rev": "c4770c3b757bc40a9d5ecfc5de53871ec5da26c8",
        "type": "github"
      },
      "original": {
        "owner": "nerima-lisp",
        "ref": "v1.2.0",
        "repo": "cl-dataflow-kit",
        "type": "github"
      }
    },
    "cl-date-kit": {
      "flake": false,
      "locked": {
        "lastModified": 1785928864,
        "narHash": "sha256-gpIsXrCcDFYVOVGvbMYMf1Oed/n51zyP3ZKZLQtw/Y0=",
        "owner": "nerima-lisp",
        "repo": "cl-date-kit",
        "rev": "5671c20eddb901ecbe9f5d66b59ea92ac97aa411",
        "type": "github"
      },
      "original": {
        "owner": "nerima-lisp",
        "ref": "v1.0.0",
        "repo": "cl-date-kit",
        "type": "github"
      }
    },
    "cl-history-kit": {
      "flake": false,
      "locked": {
        "lastModified": 1785657058,
        "narHash": "sha256-zHX0OIUAI5wQEXMtCXa+7rD9n7qOESsIbxz4xnQ2RQc=",
        "owner": "nerima-lisp",
        "repo": "cl-history-kit",
        "rev": "5aaea0d31054ad49aea4f680da5ec8091bdc3bc6",
        "type": "github"
      },
      "original": {
        "owner": "nerima-lisp",
        "ref": "v1.0.2",
        "repo": "cl-history-kit",
        "type": "github"
      }
    },
    "cl-host-kit": {
      "flake": false,
      "locked": {
        "lastModified": 1785662299,
        "narHash": "sha256-XzvvQ6MsRFYQNYe757mIbzSlBUy8l6Jv0aReFpuxPyo=",
        "owner": "nerima-lisp",
        "repo": "cl-host-kit",
        "rev": "7dc003d5ba176080796d775f6c8c4f75a5d56107",
        "type": "github"
      },
      "original": {
        "owner": "nerima-lisp",
        "ref": "v0.2.5",
        "repo": "cl-host-kit",
        "type": "github"
      }
    },
    "cl-log-kit": {
      "flake": false,
      "locked": {
        "lastModified": 1785658987,
        "narHash": "sha256-O7Ja+BmbXQXYZs8/c1EaHyWK+NBkPWMR9NkGx+hLsAw=",
        "owner": "nerima-lisp",
        "repo": "cl-log-kit",
        "rev": "c4986211b742520663c39db7bdfabee8645969ff",
        "type": "github"
      },
      "original": {
        "owner": "nerima-lisp",
        "ref": "v2.0.1",
        "repo": "cl-log-kit",
        "type": "github"
      }
    },
    "cl-nix-forge": {
      "inputs": {
        "nixpkgs": [
          "cl-prolog-kit",
          "nixpkgs"
        ],
        "treefmt-nix": "treefmt-nix"
      },
      "locked": {
        "lastModified": 1785825792,
        "narHash": "sha256-FjpTPYXj5BINxpgFbNqKQgeB6p/ANR/1N8T4lSHS7kU=",
        "owner": "nerima-lisp",
        "repo": "cl-nix-forge",
        "rev": "df1e772cda1efcdb90297b49ca1a25b396b8bdd7",
        "type": "github"
      },
      "original": {
        "owner": "nerima-lisp",
        "ref": "v0.5.0",
        "repo": "cl-nix-forge",
        "type": "github"
      }
    },
    "cl-nix-forge_2": {
      "inputs": {
        "nixpkgs": [
          "cl-prolog-kit",
          "cl-weave",
          "nixpkgs"
        ],
        "treefmt-nix": "treefmt-nix_2"
      },
      "locked": {
        "lastModified": 1785347314,
        "narHash": "sha256-eSnOllc5L+DuP5TrPGPQUzMzfN8HA88x326EzZvo7V4=",
        "owner": "nerima-lisp",
        "repo": "cl-nix-forge",
        "rev": "53f26644d8cc40f5e677cedb00dd10ca5726d25a",
        "type": "github"
      },
      "original": {
        "owner": "nerima-lisp",
        "ref": "v0.4.0",
        "repo": "cl-nix-forge",
        "type": "github"
      }
    },
    "cl-nix-forge_3": {
      "inputs": {
        "nixpkgs": [
          "cl-weave",
          "nixpkgs"
        ],
        "treefmt-nix": "treefmt-nix_6"
      },
      "locked": {
        "lastModified": 1785347314,
        "narHash": "sha256-eSnOllc5L+DuP5TrPGPQUzMzfN8HA88x326EzZvo7V4=",
        "owner": "nerima-lisp",
        "repo": "cl-nix-forge",
        "rev": "53f26644d8cc40f5e677cedb00dd10ca5726d25a",
        "type": "github"
      },
      "original": {
        "owner": "nerima-lisp",
        "ref": "v0.4.0",
        "repo": "cl-nix-forge",
        "type": "github"
      }
    },
    "cl-parser-kit": {
      "flake": false,
      "locked": {
        "lastModified": 1785656543,
        "narHash": "sha256-VhN+gWAo594jpg350TrBgp//bJQRDOtDNYIa1zB144U=",
        "owner": "nerima-lisp",
        "repo": "cl-parser-kit",
        "rev": "b887d3b053d24df4568fcff2f3e3ee47d839db22",
        "type": "github"
      },
      "original": {
        "owner": "nerima-lisp",
        "ref": "v1.0.3",
        "repo": "cl-parser-kit",
        "type": "github"
      }
    },
    "cl-process-kit": {
      "flake": false,
      "locked": {
        "lastModified": 1785656921,
        "narHash": "sha256-el0+udOUZE9KZPbgWN1HWTYe/6g94LKSO3oJs4jfS1Y=",
        "owner": "nerima-lisp",
        "repo": "cl-process-kit",
        "rev": "7454fc16370402f434c960f54ee161a1de7641af",
        "type": "github"
      },
      "original": {
        "owner": "nerima-lisp",
        "ref": "v3.1.0",
        "repo": "cl-process-kit",
        "type": "github"
      }
    },
    "cl-prolog-kit": {
      "inputs": {
        "cl-nix-forge": "cl-nix-forge",
        "cl-weave": "cl-weave",
        "nixpkgs": [
          "nixpkgs"
        ],
        "paredit-cli": "paredit-cli",
        "treefmt-nix": "treefmt-nix_5"
      },
      "locked": {
        "lastModified": 1786948477,
        "narHash": "sha256-3qn9W1Jmbxnr0Si77J7Klo26oX/zjgBVwb5ye74NsTY=",
        "owner": "nerima-lisp",
        "repo": "cl-prolog-kit",
        "rev": "239368e1001bc3a8576d45770c9e91da11515d09",
        "type": "github"
      },
      "original": {
        "owner": "nerima-lisp",
        "ref": "v1.5.0",
        "repo": "cl-prolog-kit",
        "type": "github"
      }
    },
    "cl-regex-kit": {
      "flake": false,
      "locked": {
        "lastModified": 1785657461,
        "narHash": "sha256-LrkoyjywOJe41VBljKpxklZ0EDu+Nm90BGCRf/Ydwh0=",
        "owner": "nerima-lisp",
        "repo": "cl-regex-kit",
        "rev": "9a2aec907bfd08556bc4ab6e319010a61d34a107",
        "type": "github"
      },
      "original": {
        "owner": "nerima-lisp",
        "ref": "v0.3.0",
        "repo": "cl-regex-kit",
        "type": "github"
      }
    },
    "cl-tty-kit": {
      "flake": false,
      "locked": {
        "lastModified": 1785660128,
        "narHash": "sha256-AxapnzmyyQslpebFltmN9Qsbx0ojnT0todJV6C/5zVM=",
        "owner": "nerima-lisp",
        "repo": "cl-tty-kit",
        "rev": "f9fbaa0e6d28a58b1084966f7f10f45ab5b0ada2",
        "type": "github"
      },
      "original": {
        "owner": "nerima-lisp",
        "ref": "v1.2.0",
        "repo": "cl-tty-kit",
        "type": "github"
      }
    },
    "cl-tui-kit": {
      "flake": false,
      "locked": {
        "lastModified": 1786802588,
        "narHash": "sha256-J3E3H6dP57Fvz6SQMLCwEf1MD+MzxsrH+moQUBT31k0=",
        "owner": "nerima-lisp",
        "repo": "cl-tui-kit",
        "rev": "d5413a6557460e23cb6dc518eabc7157ae772af9",
        "type": "github"
      },
      "original": {
        "owner": "nerima-lisp",
        "ref": "v4.1.3",
        "repo": "cl-tui-kit",
        "type": "github"
      }
    },
    "cl-vcs-kit": {
      "flake": false,
      "locked": {
        "lastModified": 1786359167,
        "narHash": "sha256-CXbyJBaB36mOSsAXh4AgVag47JaLz2WXCxQjjgfzXmY=",
        "owner": "nerima-lisp",
        "repo": "cl-vcs-kit",
        "rev": "ceca9962b105c98c763e2f6fac178c4537bb2497",
        "type": "github"
      },
      "original": {
        "owner": "nerima-lisp",
        "ref": "v0.2.0",
        "repo": "cl-vcs-kit",
        "type": "github"
      }
    },
    "cl-weave": {
      "inputs": {
        "cl-nix-forge": "cl-nix-forge_2",
        "nixpkgs": [
          "cl-prolog-kit",
          "nixpkgs"
        ],
        "paredit-cli": [
          "cl-prolog-kit",
          "paredit-cli"
        ],
        "treefmt-nix": "treefmt-nix_3"
      },
      "locked": {
        "lastModified": 1785673216,
        "narHash": "sha256-exuLElLZJeU23DiTeIsQgizz9UXVbviAUBgWBBfbxxc=",
        "owner": "nerima-lisp",
        "repo": "cl-weave",
        "rev": "f75eaae8d0d31840e7b6fff836e8aa254d5ced40",
        "type": "github"
      },
      "original": {
        "owner": "nerima-lisp",
        "ref": "v1.2.0",
        "repo": "cl-weave",
        "type": "github"
      }
    },
    "cl-weave_2": {
      "inputs": {
        "cl-nix-forge": "cl-nix-forge_3",
        "nixpkgs": [
          "nixpkgs"
        ],
        "paredit-cli": "paredit-cli_2",
        "treefmt-nix": "treefmt-nix_8"
      },
      "locked": {
        "lastModified": 1785662484,
        "narHash": "sha256-GFChZBI8RbOnov3WCTT2jw0H/kBqYK0ig6i7ltzjnyU=",
        "owner": "nerima-lisp",
        "repo": "cl-weave",
        "rev": "a8a094226480b92a3789e7e48a2af5faa2e36326",
        "type": "github"
      },
      "original": {
        "owner": "nerima-lisp",
        "ref": "v1.1.4",
        "repo": "cl-weave",
        "type": "github"
      }
    },
    "crane": {
      "locked": {
        "lastModified": 1784564969,
        "narHash": "sha256-TkTWNhJV/8Wk3czlbz4bwHZkFCaCHPsOy+oJe4PUiXg=",
        "owner": "ipetkov",
        "repo": "crane",
        "rev": "7930f6c291de6f83c257839d434592aa085f290a",
        "type": "github"
      },
      "original": {
        "owner": "ipetkov",
        "repo": "crane",
        "type": "github"
      }
    },
    "crane_2": {
      "locked": {
        "lastModified": 1784564969,
        "narHash": "sha256-TkTWNhJV/8Wk3czlbz4bwHZkFCaCHPsOy+oJe4PUiXg=",
        "owner": "ipetkov",
        "repo": "crane",
        "rev": "7930f6c291de6f83c257839d434592aa085f290a",
        "type": "github"
      },
      "original": {
        "owner": "ipetkov",
        "repo": "crane",
        "type": "github"
      }
    },
    "nixpkgs": {
      "locked": {
        "lastModified": 1786106723,
        "narHash": "sha256-zDSUbpoeo/9ZmD2+wXnzxoo1+uhL8vxc0b8yuYMKYq0=",
        "owner": "NixOS",
        "repo": "nixpkgs",
        "rev": "f13ff45afd1bb73e640eaa08a7066dbed07e3238",
        "type": "github"
      },
      "original": {
        "owner": "NixOS",
        "ref": "nixos-unstable",
        "repo": "nixpkgs",
        "type": "github"
      }
    },
    "paredit-cli": {
      "inputs": {
        "crane": "crane",
        "nixpkgs": [
          "cl-prolog-kit",
          "nixpkgs"
        ],
        "rust-overlay": "rust-overlay",
        "treefmt-nix": "treefmt-nix_4"
      },
      "locked": {
        "lastModified": 1785644478,
        "narHash": "sha256-kqu9BDf8JqVe+Qo08ahOOuqpbqSto5RlQRhHoKw40d8=",
        "owner": "nerima-lisp",
        "repo": "paredit-cli",
        "rev": "9f8db23ddd496ef6773e040454832eeafc60aeea",
        "type": "github"
      },
      "original": {
        "owner": "nerima-lisp",
        "ref": "v1.4.0",
        "repo": "paredit-cli",
        "type": "github"
      }
    },
    "paredit-cli_2": {
      "inputs": {
        "crane": "crane_2",
        "nixpkgs": [
          "cl-weave",
          "nixpkgs"
        ],
        "rust-overlay": "rust-overlay_2",
        "treefmt-nix": "treefmt-nix_7"
      },
      "locked": {
        "lastModified": 1785644478,
        "narHash": "sha256-kqu9BDf8JqVe+Qo08ahOOuqpbqSto5RlQRhHoKw40d8=",
        "owner": "nerima-lisp",
        "repo": "paredit-cli",
        "rev": "9f8db23ddd496ef6773e040454832eeafc60aeea",
        "type": "github"
      },
      "original": {
        "owner": "nerima-lisp",
        "ref": "v1.4.0",
        "repo": "paredit-cli",
        "type": "github"
      }
    },
    "root": {
      "inputs": {
        "cl-boundary-kit": "cl-boundary-kit",
        "cl-cli": "cl-cli",
        "cl-codec-kit": "cl-codec-kit",
        "cl-concurrent-kit": "cl-concurrent-kit",
        "cl-dataflow-kit": "cl-dataflow-kit",
        "cl-date-kit": "cl-date-kit",
        "cl-history-kit": "cl-history-kit",
        "cl-host-kit": "cl-host-kit",
        "cl-log-kit": "cl-log-kit",
        "cl-parser-kit": "cl-parser-kit",
        "cl-process-kit": "cl-process-kit",
        "cl-prolog-kit": "cl-prolog-kit",
        "cl-regex-kit": "cl-regex-kit",
        "cl-tty-kit": "cl-tty-kit",
        "cl-tui-kit": "cl-tui-kit",
        "cl-vcs-kit": "cl-vcs-kit",
        "cl-weave": "cl-weave_2",
        "nixpkgs": "nixpkgs",
        "treefmt-nix": "treefmt-nix_9"
      }
    },
    "rust-overlay": {
      "inputs": {
        "nixpkgs": [
          "cl-prolog-kit",
          "paredit-cli",
          "nixpkgs"
        ]
      },
      "locked": {
        "lastModified": 1783663825,
        "narHash": "sha256-TTrNVoFdEw8j0Hn+shP1KAsimTmszTWBIIUliTaAuY0=",
        "owner": "oxalica",
        "repo": "rust-overlay",
        "rev": "072adf9b18936c1062c48123a9b77891d5968f2c",
        "type": "github"
      },
      "original": {
        "owner": "oxalica",
        "repo": "rust-overlay",
        "type": "github"
      }
    },
    "rust-overlay_2": {
      "inputs": {
        "nixpkgs": [
          "cl-weave",
          "paredit-cli",
          "nixpkgs"
        ]
      },
      "locked": {
        "lastModified": 1783663825,
        "narHash": "sha256-TTrNVoFdEw8j0Hn+shP1KAsimTmszTWBIIUliTaAuY0=",
        "owner": "oxalica",
        "repo": "rust-overlay",
        "rev": "072adf9b18936c1062c48123a9b77891d5968f2c",
        "type": "github"
      },
      "original": {
        "owner": "oxalica",
        "repo": "rust-overlay",
        "type": "github"
      }
    },
    "treefmt-nix": {
      "inputs": {
        "nixpkgs": [
          "cl-prolog-kit",
          "cl-nix-forge",
          "nixpkgs"
        ]
      },
      "locked": {
        "lastModified": 1785360170,
        "narHash": "sha256-XE1lKgQ3eIO3E7zWryqcRsax+mYXod/5RHBn4YaR9YE=",
        "owner": "numtide",
        "repo": "treefmt-nix",
        "rev": "d1187f8bc71fb8aab02395869ec3f5c1920f75c0",
        "type": "github"
      },
      "original": {
        "owner": "numtide",
        "repo": "treefmt-nix",
        "type": "github"
      }
    },
    "treefmt-nix_2": {
      "inputs": {
        "nixpkgs": [
          "cl-prolog-kit",
          "cl-weave",
          "cl-nix-forge",
          "nixpkgs"
        ]
      },
      "locked": {
        "lastModified": 1784369104,
        "narHash": "sha256-47cxbcZODibHv3rELFQ9vZly0vUNkND/atn/U7HLeb0=",
        "owner": "numtide",
        "repo": "treefmt-nix",
        "rev": "df3c0640565d04a0261253cdd89fce78ec50168a",
        "type": "github"
      },
      "original": {
        "owner": "numtide",
        "repo": "treefmt-nix",
        "type": "github"
      }
    },
    "treefmt-nix_3": {
      "inputs": {
        "nixpkgs": [
          "cl-prolog-kit",
          "cl-weave",
          "nixpkgs"
        ]
      },
      "locked": {
        "lastModified": 1785360170,
        "narHash": "sha256-XE1lKgQ3eIO3E7zWryqcRsax+mYXod/5RHBn4YaR9YE=",
        "owner": "numtide",
        "repo": "treefmt-nix",
        "rev": "d1187f8bc71fb8aab02395869ec3f5c1920f75c0",
        "type": "github"
      },
      "original": {
        "owner": "numtide",
        "repo": "treefmt-nix",
        "type": "github"
      }
    },
    "treefmt-nix_4": {
      "inputs": {
        "nixpkgs": [
          "cl-prolog-kit",
          "paredit-cli",
          "nixpkgs"
        ]
      },
      "locked": {
        "lastModified": 1780220602,
        "narHash": "sha256-eynAfOmbmxJnkp7YewvCEbShNnnYJ9gLLqkzsYtBPeM=",
        "owner": "numtide",
        "repo": "treefmt-nix",
        "rev": "db947814a175b7ca6ded66e21383d938df01c227",
        "type": "github"
      },
      "original": {
        "owner": "numtide",
        "repo": "treefmt-nix",
        "type": "github"
      }
    },
    "treefmt-nix_5": {
      "inputs": {
        "nixpkgs": [
          "cl-prolog-kit",
          "nixpkgs"
        ]
      },
      "locked": {
        "lastModified": 1785360170,
        "narHash": "sha256-XE1lKgQ3eIO3E7zWryqcRsax+mYXod/5RHBn4YaR9YE=",
        "owner": "numtide",
        "repo": "treefmt-nix",
        "rev": "d1187f8bc71fb8aab02395869ec3f5c1920f75c0",
        "type": "github"
      },
      "original": {
        "owner": "numtide",
        "repo": "treefmt-nix",
        "type": "github"
      }
    },
    "treefmt-nix_6": {
      "inputs": {
        "nixpkgs": [
          "cl-weave",
          "cl-nix-forge",
          "nixpkgs"
        ]
      },
      "locked": {
        "lastModified": 1784369104,
        "narHash": "sha256-47cxbcZODibHv3rELFQ9vZly0vUNkND/atn/U7HLeb0=",
        "owner": "numtide",
        "repo": "treefmt-nix",
        "rev": "df3c0640565d04a0261253cdd89fce78ec50168a",
        "type": "github"
      },
      "original": {
        "owner": "numtide",
        "repo": "treefmt-nix",
        "type": "github"
      }
    },
    "treefmt-nix_7": {
      "inputs": {
        "nixpkgs": [
          "cl-weave",
          "paredit-cli",
          "nixpkgs"
        ]
      },
      "locked": {
        "lastModified": 1780220602,
        "narHash": "sha256-eynAfOmbmxJnkp7YewvCEbShNnnYJ9gLLqkzsYtBPeM=",
        "owner": "numtide",
        "repo": "treefmt-nix",
        "rev": "db947814a175b7ca6ded66e21383d938df01c227",
        "type": "github"
      },
      "original": {
        "owner": "numtide",
        "repo": "treefmt-nix",
        "type": "github"
      }
    },
    "treefmt-nix_8": {
      "inputs": {
        "nixpkgs": [
          "cl-weave",
          "nixpkgs"
        ]
      },
      "locked": {
        "lastModified": 1784369104,
        "narHash": "sha256-47cxbcZODibHv3rELFQ9vZly0vUNkND/atn/U7HLeb0=",
        "owner": "numtide",
        "repo": "treefmt-nix",
        "rev": "df3c0640565d04a0261253cdd89fce78ec50168a",
        "type": "github"
      },
      "original": {
        "owner": "numtide",
        "repo": "treefmt-nix",
        "type": "github"
      }
    },
    "treefmt-nix_9": {
      "inputs": {
        "nixpkgs": [
          "nixpkgs"
        ]
      },
      "locked": {
        "lastModified": 1785945821,
        "narHash": "sha256-NLSyTCW4K4ofhNBllt3omPasm6QpralXH1DBZOc91Dw=",
        "owner": "numtide",
        "repo": "treefmt-nix",
        "rev": "ae7910970dddc408fe6ab1c8e4b277bb21d72dc0",
        "type": "github"
      },
      "original": {
        "owner": "numtide",
        "repo": "treefmt-nix",
        "type": "github"
      }
    }
  },
  "root": "root",
  "version": 7
}
